
Microsoft Visual Studio Solution File, Format Version 12.00
# Visual Studio 15
VisualStudioVersion = 15.0.28307.1972
MinimumVisualStudioVersion = 10.0.40219.1
Project("{6989167D-11E4-40FE-8C1A-2192A86A7E90}") = "talbotsn", "talbotsn\talbotsn.vfproj", "{96EBFF23-9048-4507-ACB0-01BD31FE1797}"
EndProject
Global
	GlobalSection(SolutionConfigurationPlatforms) = preSolution
		Debug|x86 = Debug|x86
		Release|x86 = Release|x86
	EndGlobalSection
	GlobalSection(ProjectConfigurationPlatforms) = postSolution
		{96EBFF23-9048-4507-ACB0-01BD31FE1797}.Debug|x86.ActiveCfg = Debug|Win32
		{96EBFF23-9048-4507-ACB0-01BD31FE1797}.Debug|x86.Build.0 = Debug|Win32
		{96EBFF23-9048-4507-ACB0-01BD31FE1797}.Release|x86.ActiveCfg = Release|Win32
		{96EBFF23-9048-4507-ACB0-01BD31FE1797}.Release|x86.Build.0 = Release|Win32
	EndGlobalSection
	GlobalSection(SolutionProperties) = preSolution
		HideSolutionNode = FALSE
	EndGlobalSection
	GlobalSection(ExtensibilityGlobals) = postSolution
		SolutionGuid = {BA9779BF-1F6E-43FC-AAC2-3D2FBF8B5D61}
	EndGlobalSection
EndGlobal
